// !$*UTF8*$!
{
	archiveVersion = 1;
	classes = {
	};
	objectVersion = 50;
	objects = {

/* Begin PBXBuildFile section */
		2A0FDB8C24309B8D00AD3782 /* GradientView.swift in Sources */ = {isa = PBXBuildFile; fileRef = 2A0FDB8B24309B8D00AD3782 /* GradientView.swift */; };
		2A0FDB8E2430B9A200AD3782 /* BounceAnimationController.swift in Sources */ = {isa = PBXBuildFile; fileRef = 2A0FDB8D2430B9A200AD3782 /* BounceAnimationController.swift */; };
		2A0FDB902430FF3D00AD3782 /* SlideOutAnimationController.swift in Sources */ = {isa = PBXBuildFile; fileRef = 2A0FDB8F2430FF3D00AD3782 /* SlideOutAnimationController.swift */; };
		2A5138302427810000F8FE45 /* LoadingCell.xib in Resources */ = {isa = PBXBuildFile; fileRef = 2A51382F2427810000F8FE45 /* LoadingCell.xib */; };
		2A52EB7024338A1D0040F681 /* FadeOutAnimationController.swift in Sources */ = {isa = PBXBuildFile; fileRef = 2A52EB6F24338A1D0040F681 /* FadeOutAnimationController.swift */; };
		2AB5E32F241DE91500844A3E /* AppDelegate.swift in Sources */ = {isa = PBXBuildFile; fileRef = 2AB5E32E241DE91500844A3E /* AppDelegate.swift */; };
		2AB5E331241DE91500844A3E /* SceneDelegate.swift in Sources */ = {isa = PBXBuildFile; fileRef = 2AB5E330241DE91500844A3E /* SceneDelegate.swift */; };
		2AB5E333241DE91500844A3E /* SearchViewController.swift in Sources */ = {isa = PBXBuildFile; fileRef = 2AB5E332241DE91500844A3E /* SearchViewController.swift */; };
		2AB5E336241DE91500844A3E /* Main.storyboard in Resources */ = {isa = PBXBuildFile; fileRef = 2AB5E334241DE91500844A3E /* Main.storyboard */; };
		2AB5E338241DE91900844A3E /* Assets.xcassets in Resources */ = {isa = PBXBuildFile; fileRef = 2AB5E337241DE91900844A3E /* Assets.xcassets */; };
		2AB5E343241E336000844A3E /* SearchResult.swift in Sources */ = {isa = PBXBuildFile; fileRef = 2AB5E342241E335F00844A3E /* SearchResult.swift */; };
		2AF54305241E438A00ED662F /* SearchResultCell.xib in Resources */ = {isa = PBXBuildFile; fileRef = 2AF54304241E438A00ED662F /* SearchResultCell.xib */; };
		2AF54307241E4D5E00ED662F /* SearchResultCell.swift in Sources */ = {isa = PBXBuildFile; fileRef = 2AF54306241E4D5E00ED662F /* SearchResultCell.swift */; };
		2AF54309241E543400ED662F /* NothingFoundCell.xib in Resources */ = {isa = PBXBuildFile; fileRef = 2AF54308241E543300ED662F /* NothingFoundCell.xib */; };
		D00854EC242C729A004FF26F /* UIImageView+DownloadImage.swift in Sources */ = {isa = PBXBuildFile; fileRef = D00854EB242C729A004FF26F /* UIImageView+DownloadImage.swift */; };
		D0A5D729242D6CDD00C076BC /* DetailViewController.swift in Sources */ = {isa = PBXBuildFile; fileRef = D0A5D728242D6CDD00C076BC /* DetailViewController.swift */; };
		D0A5D72B242D745700C076BC /* DimmingPresentationController.swift in Sources */ = {isa = PBXBuildFile; fileRef = D0A5D72A242D745700C076BC /* DimmingPresentationController.swift */; };
		D0A655752431CD09006E02BC /* LandscapeViewController.swift in Sources */ = {isa = PBXBuildFile; fileRef = D0A655742431CD09006E02BC /* LandscapeViewController.swift */; };
/* End PBXBuildFile section */

/* Begin PBXFileReference section */
		2A0FDB8B24309B8D00AD3782 /* GradientView.swift */ = {isa = PBXFileReference; lastKnownFileType = sourcecode.swift; path = GradientView.swift; sourceTree = "<group>"; };
		2A0FDB8D2430B9A200AD3782 /* BounceAnimationController.swift */ = {isa = PBXFileReference; lastKnownFileType = sourcecode.swift; path = BounceAnimationController.swift; sourceTree = "<group>"; };
		2A0FDB8F2430FF3D00AD3782 /* SlideOutAnimationController.swift */ = {isa = PBXFileReference; lastKnownFileType = sourcecode.swift; path = SlideOutAnimationController.swift; sourceTree = "<group>"; };
		2A51382F2427810000F8FE45 /* LoadingCell.xib */ = {isa = PBXFileReference; lastKnownFileType = file.xib; path = LoadingCell.xib; sourceTree = "<group>"; };
		2A52EB6F24338A1D0040F681 /* FadeOutAnimationController.swift */ = {isa = PBXFileReference; lastKnownFileType = sourcecode.swift; path = FadeOutAnimationController.swift; sourceTree = "<group>"; };
		2AB5E32B241DE91500844A3E /* StoreSearch.app */ = {isa = PBXFileReference; explicitFileType = wrapper.application; includeInIndex = 0; path = StoreSearch.app; sourceTree = BUILT_PRODUCTS_DIR; };
		2AB5E32E241DE91500844A3E /* AppDelegate.swift */ = {isa = PBXFileReference; lastKnownFileType = sourcecode.swift; path = AppDelegate.swift; sourceTree = "<group>"; };
		2AB5E330241DE91500844A3E /* SceneDelegate.swift */ = {isa = PBXFileReference; lastKnownFileType = sourcecode.swift; path = SceneDelegate.swift; sourceTree = "<group>"; };
		2AB5E332241DE91500844A3E /* SearchViewController.swift */ = {isa = PBXFileReference; lastKnownFileType = sourcecode.swift; path = SearchViewController.swift; sourceTree = "<group>"; };
		2AB5E335241DE91500844A3E /* Base */ = {isa = PBXFileReference; lastKnownFileType = file.storyboard; name = Base; path = Base.lproj/Main.storyboard; sourceTree = "<group>"; };
		2AB5E337241DE91900844A3E /* Assets.xcassets */ = {isa = PBXFileReference; lastKnownFileType = folder.assetcatalog; path = Assets.xcassets; sourceTree = "<group>"; };
		2AB5E33C241DE91900844A3E /* Info.plist */ = {isa = PBXFileReference; lastKnownFileType = text.plist.xml; path = Info.plist; sourceTree = "<group>"; };
		2AB5E342241E335F00844A3E /* SearchResult.swift */ = {isa = PBXFileReference; lastKnownFileType = sourcecode.swift; path = SearchResult.swift; sourceTree = "<group>"; };
		2AF54304241E438A00ED662F /* SearchResultCell.xib */ = {isa = PBXFileReference; lastKnownFileType = file.xib; path = SearchResultCell.xib; sourceTree = "<group>"; };
		2AF54306241E4D5E00ED662F /* SearchResultCell.swift */ = {isa = PBXFileReference; lastKnownFileType = sourcecode.swift; path = SearchResultCell.swift; sourceTree = "<group>"; };
		2AF54308241E543300ED662F /* NothingFoundCell.xib */ = {isa = PBXFileReference; lastKnownFileType = file.xib; path = NothingFoundCell.xib; sourceTree = "<group>"; };
		D00854EB242C729A004FF26F /* UIImageView+DownloadImage.swift */ = {isa = PBXFileReference; lastKnownFileType = sourcecode.swift; path = "UIImageView+DownloadImage.swift"; sourceTree = "<group>"; };
		D0A5D728242D6CDD00C076BC /* DetailViewController.swift */ = {isa = PBXFileReference; lastKnownFileType = sourcecode.swift; path = DetailViewController.swift; sourceTree = "<group>"; };
		D0A5D72A242D745700C076BC /* DimmingPresentationController.swift */ = {isa = PBXFileReference; lastKnownFileType = sourcecode.swift; path = DimmingPresentationController.swift; sourceTree = "<group>"; };
		D0A655742431CD09006E02BC /* LandscapeViewController.swift */ = {isa = PBXFileReference; lastKnownFileType = sourcecode.swift; path = LandscapeViewController.swift; sourceTree = "<group>"; };
/* End PBXFileReference section */

/* Begin PBXFrameworksBuildPhase section */
		2AB5E328241DE91500844A3E /* Frameworks */ = {
			isa = PBXFrameworksBuildPhase;
			buildActionMask = 2147483647;
			files = (
			);
			runOnlyForDeploymentPostprocessing = 0;
		};
/* End PBXFrameworksBuildPhase section */

/* Begin PBXGroup section */
		2AB5E322241DE91500844A3E = {
			isa = PBXGroup;
			children = (
				2AB5E32D241DE91500844A3E /* StoreSearch */,
				2AB5E32C241DE91500844A3E /* Products */,
			);
			sourceTree = "<group>";
		};
		2AB5E32C241DE91500844A3E /* Products */ = {
			isa = PBXGroup;
			children = (
				2AB5E32B241DE91500844A3E /* StoreSearch.app */,
			);
			name = Products;
			sourceTree = "<group>";
		};
		2AB5E32D241DE91500844A3E /* StoreSearch */ = {
			isa = PBXGroup;
			children = (
				2AB5E32E241DE91500844A3E /* AppDelegate.swift */,
				2AB5E330241DE91500844A3E /* SceneDelegate.swift */,
				2AB5E332241DE91500844A3E /* SearchViewController.swift */,
				2AB5E342241E335F00844A3E /* SearchResult.swift */,
				2AB5E334241DE91500844A3E /* Main.storyboard */,
				2AF54304241E438A00ED662F /* SearchResultCell.xib */,
				2AF54306241E4D5E00ED662F /* SearchResultCell.swift */,
				2AF54308241E543300ED662F /* NothingFoundCell.xib */,
				2A51382F2427810000F8FE45 /* LoadingCell.xib */,
				D0A5D728242D6CDD00C076BC /* DetailViewController.swift */,
				2A0FDB8F2430FF3D00AD3782 /* SlideOutAnimationController.swift */,
				2A52EB6F24338A1D0040F681 /* FadeOutAnimationController.swift */,
				D00854EB242C729A004FF26F /* UIImageView+DownloadImage.swift */,
				D0A5D72A242D745700C076BC /* DimmingPresentationController.swift */,
				2A0FDB8D2430B9A200AD3782 /* BounceAnimationController.swift */,
				2A0FDB8B24309B8D00AD3782 /* GradientView.swift */,
				D0A655742431CD09006E02BC /* LandscapeViewController.swift */,
				2AB5E337241DE91900844A3E /* Assets.xcassets */,
				2AB5E33C241DE91900844A3E /* Info.plist */,
			);
			path = StoreSearch;
			sourceTree = "<group>";
		};
/* End PBXGroup section */

/* Begin PBXNativeTarget section */
		2AB5E32A241DE91500844A3E /* StoreSearch */ = {
			isa = PBXNativeTarget;
			buildConfigurationList = 2AB5E33F241DE91900844A3E /* Build configuration list for PBXNativeTarget "StoreSearch" */;
			buildPhases = (
				2AB5E327241DE91500844A3E /* Sources */,
				2AB5E328241DE91500844A3E /* Frameworks */,
				2AB5E329241DE91500844A3E /* Resources */,
			);
			buildRules = (
			);
			dependencies = (
			);
			name = StoreSearch;
			productName = StoreSearch;
			productReference = 2AB5E32B241DE91500844A3E /* StoreSearch.app */;
			productType = "com.apple.product-type.application";
		};
/* End PBXNativeTarget section */

/* Begin PBXProject section */
		2AB5E323241DE91500844A3E /* Project object */ = {
			isa = PBXProject;
			attributes = {
				LastSwiftUpdateCheck = 1130;
				LastUpgradeCheck = 1130;
				ORGANIZATIONNAME = ikeh1024;
				TargetAttributes = {
					2AB5E32A241DE91500844A3E = {
						CreatedOnToolsVersion = 11.3.1;
					};
				};
			};
			buildConfigurationList = 2AB5E326241DE91500844A3E /* Build configuration list for PBXProject "StoreSearch" */;
			compatibilityVersion = "Xcode 9.3";
			developmentRegion = en;
			hasScannedForEncodings = 0;
			knownRegions = (
				en,
				Base,
			);
			mainGroup = 2AB5E322241DE91500844A3E;
			productRefGroup = 2AB5E32C241DE91500844A3E /* Products */;
			projectDirPath = "";
			projectRoot = "";
			targets = (
				2AB5E32A241DE91500844A3E /* StoreSearch */,
			);
		};
/* End PBXProject section */

/* Begin PBXResourcesBuildPhase section */
		2AB5E329241DE91500844A3E /* Resources */ = {
			isa = PBXResourcesBuildPhase;
			buildActionMask = 2147483647;
			files = (
				2AB5E338241DE91900844A3E /* Assets.xcassets in Resources */,
				2A5138302427810000F8FE45 /* LoadingCell.xib in Resources */,
				2AF54305241E438A00ED662F /* SearchResultCell.xib in Resources */,
				2AF54309241E543400ED662F /* NothingFoundCell.xib in Resources */,
				2AB5E336241DE91500844A3E /* Main.storyboard in Resources */,
			);
			runOnlyForDeploymentPostprocessing = 0;
		};
/* End PBXResourcesBuildPhase section */

/* Begin PBXSourcesBuildPhase section */
		2AB5E327241DE91500844A3E /* Sources */ = {
			isa = PBXSourcesBuildPhase;
			buildActionMask = 2147483647;
			files = (
				2AB5E333241DE91500844A3E /* SearchViewController.swift in Sources */,
				2AB5E32F241DE91500844A3E /* AppDelegate.swift in Sources */,
				D00854EC242C729A004FF26F /* UIImageView+DownloadImage.swift in Sources */,
				D0A5D72B242D745700C076BC /* DimmingPresentationController.swift in Sources */,
				2A0FDB8E2430B9A200AD3782 /* BounceAnimationController.swift in Sources */,
				2AB5E343241E336000844A3E /* SearchResult.swift in Sources */,
				2AB5E331241DE91500844A3E /* SceneDelegate.swift in Sources */,
				2AF54307241E4D5E00ED662F /* SearchResultCell.swift in Sources */,
				2A0FDB902430FF3D00AD3782 /* SlideOutAnimationController.swift in Sources */,
				2A52EB7024338A1D0040F681 /* FadeOutAnimationController.swift in Sources */,
				D0A5D729242D6CDD00C076BC /* DetailViewController.swift in Sources */,
				D0A655752431CD09006E02BC /* LandscapeViewController.swift in Sources */,
				2A0FDB8C24309B8D00AD3782 /* GradientView.swift in Sources */,
			);
			runOnlyForDeploymentPostprocessing = 0;
		};
/* End PBXSourcesBuildPhase section */

/* Begin PBXVariantGroup section */
		2AB5E334241DE91500844A3E /* Main.storyboard */ = {
			isa = PBXVariantGroup;
			children = (
				2AB5E335241DE91500844A3E /* Base */,
			);
			name = Main.storyboard;
			sourceTree = "<group>";
		};
/* End PBXVariantGroup section */

/* Begin XCBuildConfiguration section */
		2AB5E33D241DE91900844A3E /* Debug */ = {
			isa = XCBuildConfiguration;
			buildSettings = {
				ALWAYS_SEARCH_USER_PATHS = NO;
				CLANG_ANALYZER_NONNULL = YES;
				CLANG_ANALYZER_NUMBER_OBJECT_CONVERSION = YES_AGGRESSIVE;
				CLANG_CXX_LANGUAGE_STANDARD = "gnu++14";
				CLANG_CXX_LIBRARY = "libc++";
				CLANG_ENABLE_MODULES = YES;
				CLANG_ENABLE_OBJC_ARC = YES;
				CLANG_ENABLE_OBJC_WEAK = YES;
				CLANG_WARN_BLOCK_CAPTURE_AUTORELEASING = YES;
				CLANG_WARN_BOOL_CONVERSION = YES;
				CLANG_WARN_COMMA = YES;
				CLANG_WARN_CONSTANT_CONVERSION = YES;
				CLANG_WARN_DEPRECATED_OBJC_IMPLEMENTATIONS = YES;
				CLANG_WARN_DIRECT_OBJC_ISA_USAGE = YES_ERROR;
				CLANG_WARN_DOCUMENTATION_COMMENTS = YES;
				CLANG_WARN_EMPTY_BODY = YES;
				CLANG_WARN_ENUM_CONVERSION = YES;
				CLANG_WARN_INFINITE_RECURSION = YES;
				CLANG_WARN_INT_CONVERSION = YES;
				CLANG_WARN_NON_LITERAL_NULL_CONVERSION = YES;
				CLANG_WARN_OBJC_IMPLICIT_RETAIN_SELF = YES;
				CLANG_WARN_OBJC_LITERAL_CONVERSION = YES;
				CLANG_WARN_OBJC_ROOT_CLASS = YES_ERROR;
				CLANG_WARN_RANGE_LOOP_ANALYSIS = YES;
				CLANG_WARN_STRICT_PROTOTYPES = YES;
				CLANG_WARN_SUSPICIOUS_MOVE = YES;
				CLANG_WARN_UNGUARDED_AVAILABILITY = YES_AGGRESSIVE;
				CLANG_WARN_UNREACHABLE_CODE = YES;
				CLANG_WARN__DUPLICATE_METHOD_MATCH = YES;
				COPY_PHASE_STRIP = NO;
				DEBUG_INFORMATION_FORMAT = dwarf;
				ENABLE_STRICT_OBJC_MSGSEND = YES;
				ENABLE_TESTABILITY = YES;
				GCC_C_LANGUAGE_STANDARD = gnu11;
				GCC_DYNAMIC_NO_PIC = NO;
				GCC_NO_COMMON_BLOCKS = YES;
				GCC_OPTIMIZATION_LEVEL = 0;
				GCC_PREPROCESSOR_DEFINITIONS = (
					"DEBUG=1",
					"$(inherited)",
				);
				GCC_WARN_64_TO_32_BIT_CONVERSION = YES;
				GCC_WARN_ABOUT_RETURN_TYPE = YES_ERROR;
				GCC_WARN_UNDECLARED_SELECTOR = YES;
				GCC_WARN_UNINITIALIZED_AUTOS = YES_AGGRESSIVE;
				GCC_WARN_UNUSED_FUNCTION = YES;
				GCC_WARN_UNUSED_VARIABLE = YES;
				IPHONEOS_DEPLOYMENT_TARGET = 13.2;
				MTL_ENABLE_DEBUG_INFO = INCLUDE_SOURCE;
				MTL_FAST_MATH = YES;
				ONLY_ACTIVE_ARCH = YES;
				SDKROOT = iphoneos;
				SWIFT_ACTIVE_COMPILATION_CONDITIONS = DEBUG;
				SWIFT_OPTIMIZATION_LEVEL = "-Onone";
			};
			name = Debug;
		};
		2AB5E33E241DE91900844A3E /* Release */ = {
			isa = XCBuildConfiguration;
			buildSettings = {
				ALWAYS_SEARCH_USER_PATHS = NO;
				CLANG_ANALYZER_NONNULL = YES;
				CLANG_ANALYZER_NUMBER_OBJECT_CONVERSION = YES_AGGRESSIVE;
				CLANG_CXX_LANGUAGE_STANDARD = "gnu++14";
				CLANG_CXX_LIBRARY = "libc++";
				CLANG_ENABLE_MODULES = YES;
				CLANG_ENABLE_OBJC_ARC = YES;
				CLANG_ENABLE_OBJC_WEAK = YES;
				CLANG_WARN_BLOCK_CAPTURE_AUTORELEASING = YES;
				CLANG_WARN_BOOL_CONVERSION = YES;
				CLANG_WARN_COMMA = YES;
				CLANG_WARN_CONSTANT_CONVERSION = YES;
				CLANG_WARN_DEPRECATED_OBJC_IMPLEMENTATIONS = YES;
				CLANG_WARN_DIRECT_OBJC_ISA_USAGE = YES_ERROR;
				CLANG_WARN_DOCUMENTATION_COMMENTS = YES;
				CLANG_WARN_EMPTY_BODY = YES;
				CLANG_WARN_ENUM_CONVERSION = YES;
				CLANG_WARN_INFINITE_RECURSION = YES;
				CLANG_WARN_INT_CONVERSION = YES;
				CLANG_WARN_NON_LITERAL_NULL_CONVERSION = YES;
				CLANG_WARN_OBJC_IMPLICIT_RETAIN_SELF = YES;
				CLANG_WARN_OBJC_LITERAL_CONVERSION = YES;
				CLANG_WARN_OBJC_ROOT_CLASS = YES_ERROR;
				CLANG_WARN_RANGE_LOOP_ANALYSIS = YES;
				CLANG_WARN_STRICT_PROTOTYPES = YES;
				CLANG_WARN_SUSPICIOUS_MOVE = YES;
				CLANG_WARN_UNGUARDED_AVAILABILITY = YES_AGGRESSIVE;
				CLANG_WARN_UNREACHABLE_CODE = YES;
				CLANG_WARN__DUPLICATE_METHOD_MATCH = YES;
				COPY_PHASE_STRIP = NO;
				DEBUG_INFORMATION_FORMAT = "dwarf-with-dsym";
				ENABLE_NS_ASSERTIONS = NO;
				ENABLE_STRICT_OBJC_MSGSEND = YES;
				GCC_C_LANGUAGE_STANDARD = gnu11;
				GCC_NO_COMMON_BLOCKS = YES;
				GCC_WARN_64_TO_32_BIT_CONVERSION = YES;
				GCC_WARN_ABOUT_RETURN_TYPE = YES_ERROR;
				GCC_WARN_UNDECLARED_SELECTOR = YES;
				GCC_WARN_UNINITIALIZED_AUTOS = YES_AGGRESSIVE;
				GCC_WARN_UNUSED_FUNCTION = YES;
				GCC_WARN_UNUSED_VARIABLE = YES;
				IPHONEOS_DEPLOYMENT_TARGET = 13.2;
				MTL_ENABLE_DEBUG_INFO = NO;
				MTL_FAST_MATH = YES;
				SDKROOT = iphoneos;
				SWIFT_COMPILATION_MODE = wholemodule;
				SWIFT_OPTIMIZATION_LEVEL = "-O";
				VALIDATE_PRODUCT = YES;
			};
			name = Release;
		};
		2AB5E340241DE91900844A3E /* Debug */ = {
			isa = XCBuildConfiguration;
			buildSettings = {
				ASSETCATALOG_COMPILER_APPICON_NAME = AppIcon;
				CODE_SIGN_STYLE = Automatic;
				DEVELOPMENT_TEAM = BWMJMJK727;
				INFOPLIST_FILE = StoreSearch/Info.plist;
				LD_RUNPATH_SEARCH_PATHS = (
					"$(inherited)",
					"@executable_path/Frameworks",
				);
				PRODUCT_BUNDLE_IDENTIFIER = com.gmail.ikeh1024.StoreSearch;
				PRODUCT_NAME = "$(TARGET_NAME)";
				SWIFT_VERSION = 5.0;
				TARGETED_DEVICE_FAMILY = "1,2";
			};
			name = Debug;
		};
		2AB5E341241DE91900844A3E /* Release */ = {
			isa = XCBuildConfiguration;
			buildSettings = {
				ASSETCATALOG_COMPILER_APPICON_NAME = AppIcon;
				CODE_SIGN_STYLE = Automatic;
				DEVELOPMENT_TEAM = BWMJMJK727;
				INFOPLIST_FILE = StoreSearch/Info.plist;
				LD_RUNPATH_SEARCH_PATHS = (
					"$(inherited)",
					"@executable_path/Frameworks",
				);
				PRODUCT_BUNDLE_IDENTIFIER = com.gmail.ikeh1024.StoreSearch;
				PRODUCT_NAME = "$(TARGET_NAME)";
				SWIFT_VERSION = 5.0;
				TARGETED_DEVICE_FAMILY = "1,2";
			};
			name = Release;
		};
/* End XCBuildConfiguration section */

/* Begin XCConfigurationList section */
		2AB5E326241DE91500844A3E /* Build configuration list for PBXProject "StoreSearch" */ = {
			isa = XCConfigurationList;
			buildConfigurations = (
				2AB5E33D241DE91900844A3E /* Debug */,
				2AB5E33E241DE91900844A3E /* Release */,
			);
			defaultConfigurationIsVisible = 0;
			defaultConfigurationName = Release;
		};
		2AB5E33F241DE91900844A3E /* Build configuration list for PBXNativeTarget "StoreSearch" */ = {
			isa = XCConfigurationList;
			buildConfigurations = (
				2AB5E340241DE91900844A3E /* Debug */,
				2AB5E341241DE91900844A3E /* Release */,
			);
			defaultConfigurationIsVisible = 0;
			defaultConfigurationName = Release;
		};
/* End XCConfigurationList section */
	};
	rootObject = 2AB5E323241DE91500844A3E /* Project object */;
}
